
Microsoft Visual Studio Solution File, Format Version 12.00
# Visual Studio Version 16
VisualStudioVersion = 16.0.31205.134
MinimumVisualStudioVersion = 10.0.40219.1
Project("{FAE04EC0-301F-11D3-BF4B-00C04F79EFBC}") = "SkinMerger", "SkinMerger\SkinMerger.csproj", "{C9B4FE55-3D47-449C-8693-A81FBFA42635}"
EndProject
Global
	GlobalSection(SolutionConfigurationPlatforms) = preSolution
		Debug|Any CPU = Debug|Any CPU
		Release|Any CPU = Release|Any CPU
	EndGlobalSection
	GlobalSection(ProjectConfigurationPlatforms) = postSolution
		{C9B4FE55-3D47-449C-8693-A81FBFA42635}.Debug|Any CPU.ActiveCfg = Debug|Any CPU
		{C9B4FE55-3D47-449C-8693-A81FBFA42635}.Debug|Any CPU.Build.0 = Debug|Any CPU
		{C9B4FE55-3D47-449C-8693-A81FBFA42635}.Release|Any CPU.ActiveCfg = Release|Any CPU
		{C9B4FE55-3D47-449C-8693-A81FBFA42635}.Release|Any CPU.Build.0 = Release|Any CPU
	EndGlobalSection
	GlobalSection(SolutionProperties) = preSolution
		HideSolutionNode = FALSE
	EndGlobalSection
	GlobalSection(ExtensibilityGlobals) = postSolution
		SolutionGuid = {69A1F531-00DC-49D8-8D9F-14882868EA2C}
	EndGlobalSection
EndGlobal
